// !$*UTF8*$!
{
	archiveVersion = 1;
	classes = {
	};
	objectVersion = 42;
	objects = {

/* Begin PBXBuildFile section */
		8505A5030AFB9ADE0086A973 /* pvkutilities.cpp in Sources */ = {isa = PBXBuildFile; fileRef = 8505A5020AFB9ADE0086A973 /* pvkutilities.cpp */; };
		85B6EF8B0AF804A000026727 /* RelLyToken.h in CopyFiles */ = {isa = PBXBuildFile; fileRef = 85B6EF890AF804A000026727 /* RelLyToken.h */; };
		85B6EF8C0AF804A000026727 /* RelLyToken.cpp in Sources */ = {isa = PBXBuildFile; fileRef = 85B6EF8A0AF804A000026727 /* RelLyToken.cpp */; };
		85ED6A4D0AF16BBC00E2CFDF /* WCE_File.h in CopyFiles */ = {isa = PBXBuildFile; fileRef = 85ED6A4B0AF16BBC00E2CFDF /* WCE_File.h */; };
		85ED6A4E0AF16BBC00E2CFDF /* WCE_File.cpp in Sources */ = {isa = PBXBuildFile; fileRef = 85ED6A4C0AF16BBC00E2CFDF /* WCE_File.cpp */; };
		85ED6B7B0AF2201E00E2CFDF /* Song.h in CopyFiles */ = {isa = PBXBuildFile; fileRef = 85ED6B790AF2201E00E2CFDF /* Song.h */; };
		85ED6B7C0AF2201E00E2CFDF /* Song.cpp in Sources */ = {isa = PBXBuildFile; fileRef = 85ED6B7A0AF2201E00E2CFDF /* Song.cpp */; };
		85ED6B8C0AF230E700E2CFDF /* Spine.h in CopyFiles */ = {isa = PBXBuildFile; fileRef = 85ED6B8A0AF230E700E2CFDF /* Spine.h */; };
		85ED6B8D0AF230E700E2CFDF /* Spine.cpp in Sources */ = {isa = PBXBuildFile; fileRef = 85ED6B8B0AF230E700E2CFDF /* Spine.cpp */; };
		85ED6C2D0AF23AF000E2CFDF /* SongLine.h in CopyFiles */ = {isa = PBXBuildFile; fileRef = 85ED6C2B0AF23AF000E2CFDF /* SongLine.h */; };
		85ED6C2E0AF23AF000E2CFDF /* SongLine.cpp in Sources */ = {isa = PBXBuildFile; fileRef = 85ED6C2C0AF23AF000E2CFDF /* SongLine.cpp */; };
		85ED6C3E0AF23F0600E2CFDF /* RationalTime.h in CopyFiles */ = {isa = PBXBuildFile; fileRef = 85ED6C3C0AF23F0600E2CFDF /* RationalTime.h */; };
		85ED6C3F0AF23F0600E2CFDF /* RationalTime.cpp in Sources */ = {isa = PBXBuildFile; fileRef = 85ED6C3D0AF23F0600E2CFDF /* RationalTime.cpp */; };
		85FC72F80AF2B5F5001B73F8 /* TimeSignature.h in CopyFiles */ = {isa = PBXBuildFile; fileRef = 85FC72F60AF2B5F5001B73F8 /* TimeSignature.h */; };
		85FC72F90AF2B5F5001B73F8 /* TimeSignature.cpp in Sources */ = {isa = PBXBuildFile; fileRef = 85FC72F70AF2B5F5001B73F8 /* TimeSignature.cpp */; };
		85FC73070AF2B975001B73F8 /* pvkutilities.h in CopyFiles */ = {isa = PBXBuildFile; fileRef = 85FC73060AF2B975001B73F8 /* pvkutilities.h */; };
		8DD76F650486A84900D96B5E /* wce2krn.cpp in Sources */ = {isa = PBXBuildFile; fileRef = 08FB7796FE84155DC02AAC07 /* wce2krn.cpp */; settings = {ATTRIBUTES = (); }; };
		8DD76F6A0486A84900D96B5E /* wce2krn.1 in CopyFiles */ = {isa = PBXBuildFile; fileRef = C6859E8B029090EE04C91782 /* wce2krn.1 */; };
/* End PBXBuildFile section */

/* Begin PBXBuildStyle section */
		014CEA460018CE2711CA2923 /* Debug */ = {
			isa = PBXBuildStyle;
			buildSettings = {
			};
			name = Debug;
		};
		014CEA470018CE2711CA2923 /* Release */ = {
			isa = PBXBuildStyle;
			buildSettings = {
			};
			name = Release;
		};
/* End PBXBuildStyle section */

/* Begin PBXCopyFilesBuildPhase section */
		8DD76F690486A84900D96B5E /* CopyFiles */ = {
			isa = PBXCopyFilesBuildPhase;
			buildActionMask = 8;
			dstPath = /usr/share/man/man1/;
			dstSubfolderSpec = 0;
			files = (
				8DD76F6A0486A84900D96B5E /* wce2krn.1 in CopyFiles */,
				85ED6A4D0AF16BBC00E2CFDF /* WCE_File.h in CopyFiles */,
				85ED6B7B0AF2201E00E2CFDF /* Song.h in CopyFiles */,
				85ED6B8C0AF230E700E2CFDF /* Spine.h in CopyFiles */,
				85ED6C2D0AF23AF000E2CFDF /* SongLine.h in CopyFiles */,
				85ED6C3E0AF23F0600E2CFDF /* RationalTime.h in CopyFiles */,
				85FC72F80AF2B5F5001B73F8 /* TimeSignature.h in CopyFiles */,
				85FC73070AF2B975001B73F8 /* pvkutilities.h in CopyFiles */,
				85B6EF8B0AF804A000026727 /* RelLyToken.h in CopyFiles */,
			);
			runOnlyForDeploymentPostprocessing = 1;
		};
/* End PBXCopyFilesBuildPhase section */

/* Begin PBXFileReference section */
		08FB7796FE84155DC02AAC07 /* wce2krn.cpp */ = {isa = PBXFileReference; fileEncoding = 4; lastKnownFileType = sourcecode.cpp.cpp; path = wce2krn.cpp; sourceTree = "<group>"; };
		8505A5020AFB9ADE0086A973 /* pvkutilities.cpp */ = {isa = PBXFileReference; fileEncoding = 4; lastKnownFileType = sourcecode.cpp.cpp; path = pvkutilities.cpp; sourceTree = "<group>"; };
		85B6EF890AF804A000026727 /* RelLyToken.h */ = {isa = PBXFileReference; fileEncoding = 4; lastKnownFileType = sourcecode.c.h; path = RelLyToken.h; sourceTree = "<group>"; };
		85B6EF8A0AF804A000026727 /* RelLyToken.cpp */ = {isa = PBXFileReference; fileEncoding = 4; lastKnownFileType = sourcecode.cpp.cpp; path = RelLyToken.cpp; sourceTree = "<group>"; };
		85ED6A4B0AF16BBC00E2CFDF /* WCE_File.h */ = {isa = PBXFileReference; fileEncoding = 4; lastKnownFileType = sourcecode.c.h; path = WCE_File.h; sourceTree = "<group>"; };
		85ED6A4C0AF16BBC00E2CFDF /* WCE_File.cpp */ = {isa = PBXFileReference; fileEncoding = 4; lastKnownFileType = sourcecode.cpp.cpp; path = WCE_File.cpp; sourceTree = "<group>"; };
		85ED6B790AF2201E00E2CFDF /* Song.h */ = {isa = PBXFileReference; fileEncoding = 4; lastKnownFileType = sourcecode.c.h; path = Song.h; sourceTree = "<group>"; };
		85ED6B7A0AF2201E00E2CFDF /* Song.cpp */ = {isa = PBXFileReference; fileEncoding = 4; lastKnownFileType = sourcecode.cpp.cpp; path = Song.cpp; sourceTree = "<group>"; };
		85ED6B8A0AF230E700E2CFDF /* Spine.h */ = {isa = PBXFileReference; fileEncoding = 4; lastKnownFileType = sourcecode.c.h; path = Spine.h; sourceTree = "<group>"; };
		85ED6B8B0AF230E700E2CFDF /* Spine.cpp */ = {isa = PBXFileReference; fileEncoding = 4; lastKnownFileType = sourcecode.cpp.cpp; path = Spine.cpp; sourceTree = "<group>"; };
		85ED6C2B0AF23AF000E2CFDF /* SongLine.h */ = {isa = PBXFileReference; fileEncoding = 4; lastKnownFileType = sourcecode.c.h; path = SongLine.h; sourceTree = "<group>"; };
		85ED6C2C0AF23AF000E2CFDF /* SongLine.cpp */ = {isa = PBXFileReference; fileEncoding = 4; lastKnownFileType = sourcecode.cpp.cpp; path = SongLine.cpp; sourceTree = "<group>"; };
		85ED6C3C0AF23F0600E2CFDF /* RationalTime.h */ = {isa = PBXFileReference; fileEncoding = 4; lastKnownFileType = sourcecode.c.h; path = RationalTime.h; sourceTree = "<group>"; };
		85ED6C3D0AF23F0600E2CFDF /* RationalTime.cpp */ = {isa = PBXFileReference; fileEncoding = 4; lastKnownFileType = sourcecode.cpp.cpp; path = RationalTime.cpp; sourceTree = "<group>"; };
		85FC72F60AF2B5F5001B73F8 /* TimeSignature.h */ = {isa = PBXFileReference; fileEncoding = 4; lastKnownFileType = sourcecode.c.h; path = TimeSignature.h; sourceTree = "<group>"; };
		85FC72F70AF2B5F5001B73F8 /* TimeSignature.cpp */ = {isa = PBXFileReference; fileEncoding = 4; lastKnownFileType = sourcecode.cpp.cpp; path = TimeSignature.cpp; sourceTree = "<group>"; };
		85FC73060AF2B975001B73F8 /* pvkutilities.h */ = {isa = PBXFileReference; fileEncoding = 4; lastKnownFileType = sourcecode.c.h; path = pvkutilities.h; sourceTree = "<group>"; };
		8DD76F6C0486A84900D96B5E /* wce2krn */ = {isa = PBXFileReference; explicitFileType = "compiled.mach-o.executable"; includeInIndex = 0; path = wce2krn; sourceTree = BUILT_PRODUCTS_DIR; };
		C6859E8B029090EE04C91782 /* wce2krn.1 */ = {isa = PBXFileReference; lastKnownFileType = text.man; path = wce2krn.1; sourceTree = "<group>"; };
/* End PBXFileReference section */

/* Begin PBXFrameworksBuildPhase section */
		8DD76F660486A84900D96B5E /* Frameworks */ = {
			isa = PBXFrameworksBuildPhase;
			buildActionMask = 2147483647;
			files = (
			);
			runOnlyForDeploymentPostprocessing = 0;
		};
/* End PBXFrameworksBuildPhase section */

/* Begin PBXGroup section */
		08FB7794FE84155DC02AAC07 /* wce2krn */ = {
			isa = PBXGroup;
			children = (
				08FB7795FE84155DC02AAC07 /* Source */,
				C6859E8C029090F304C91782 /* Documentation */,
				1AB674ADFE9D54B511CA2CBB /* Products */,
			);
			name = wce2krn;
			sourceTree = "<group>";
		};
		08FB7795FE84155DC02AAC07 /* Source */ = {
			isa = PBXGroup;
			children = (
				08FB7796FE84155DC02AAC07 /* wce2krn.cpp */,
				85ED6A4B0AF16BBC00E2CFDF /* WCE_File.h */,
				85ED6A4C0AF16BBC00E2CFDF /* WCE_File.cpp */,
				85ED6B790AF2201E00E2CFDF /* Song.h */,
				85ED6B7A0AF2201E00E2CFDF /* Song.cpp */,
				85ED6B8A0AF230E700E2CFDF /* Spine.h */,
				85ED6B8B0AF230E700E2CFDF /* Spine.cpp */,
				85ED6C2B0AF23AF000E2CFDF /* SongLine.h */,
				85ED6C2C0AF23AF000E2CFDF /* SongLine.cpp */,
				85ED6C3C0AF23F0600E2CFDF /* RationalTime.h */,
				85ED6C3D0AF23F0600E2CFDF /* RationalTime.cpp */,
				85FC72F60AF2B5F5001B73F8 /* TimeSignature.h */,
				85FC72F70AF2B5F5001B73F8 /* TimeSignature.cpp */,
				85FC73060AF2B975001B73F8 /* pvkutilities.h */,
				85B6EF890AF804A000026727 /* RelLyToken.h */,
				85B6EF8A0AF804A000026727 /* RelLyToken.cpp */,
				8505A5020AFB9ADE0086A973 /* pvkutilities.cpp */,
			);
			name = Source;
			sourceTree = "<group>";
		};
		1AB674ADFE9D54B511CA2CBB /* Products */ = {
			isa = PBXGroup;
			children = (
				8DD76F6C0486A84900D96B5E /* wce2krn */,
			);
			name = Products;
			sourceTree = "<group>";
		};
		C6859E8C029090F304C91782 /* Documentation */ = {
			isa = PBXGroup;
			children = (
				C6859E8B029090EE04C91782 /* wce2krn.1 */,
			);
			name = Documentation;
			sourceTree = "<group>";
		};
/* End PBXGroup section */

/* Begin PBXNativeTarget section */
		8DD76F620486A84900D96B5E /* wce2krn */ = {
			isa = PBXNativeTarget;
			buildConfigurationList = 1DEB923108733DC60010E9CD /* Build configuration list for PBXNativeTarget "wce2krn" */;
			buildPhases = (
				8DD76F640486A84900D96B5E /* Sources */,
				8DD76F660486A84900D96B5E /* Frameworks */,
				8DD76F690486A84900D96B5E /* CopyFiles */,
			);
			buildRules = (
			);
			buildSettings = {
			};
			dependencies = (
			);
			name = wce2krn;
			productInstallPath = "$(HOME)/bin";
			productName = wce2krn;
			productReference = 8DD76F6C0486A84900D96B5E /* wce2krn */;
			productType = "com.apple.product-type.tool";
		};
/* End PBXNativeTarget section */

/* Begin PBXProject section */
		08FB7793FE84155DC02AAC07 /* Project object */ = {
			isa = PBXProject;
			buildConfigurationList = 1DEB923508733DC60010E9CD /* Build configuration list for PBXProject "wce2krn" */;
			buildSettings = {
			};
			buildStyles = (
				014CEA460018CE2711CA2923 /* Debug */,
				014CEA470018CE2711CA2923 /* Release */,
			);
			hasScannedForEncodings = 1;
			mainGroup = 08FB7794FE84155DC02AAC07 /* wce2krn */;
			projectDirPath = "";
			targets = (
				8DD76F620486A84900D96B5E /* wce2krn */,
			);
		};
/* End PBXProject section */

/* Begin PBXSourcesBuildPhase section */
		8DD76F640486A84900D96B5E /* Sources */ = {
			isa = PBXSourcesBuildPhase;
			buildActionMask = 2147483647;
			files = (
				8DD76F650486A84900D96B5E /* wce2krn.cpp in Sources */,
				85ED6A4E0AF16BBC00E2CFDF /* WCE_File.cpp in Sources */,
				85ED6B7C0AF2201E00E2CFDF /* Song.cpp in Sources */,
				85ED6B8D0AF230E700E2CFDF /* Spine.cpp in Sources */,
				85ED6C2E0AF23AF000E2CFDF /* SongLine.cpp in Sources */,
				85ED6C3F0AF23F0600E2CFDF /* RationalTime.cpp in Sources */,
				85FC72F90AF2B5F5001B73F8 /* TimeSignature.cpp in Sources */,
				85B6EF8C0AF804A000026727 /* RelLyToken.cpp in Sources */,
				8505A5030AFB9ADE0086A973 /* pvkutilities.cpp in Sources */,
			);
			runOnlyForDeploymentPostprocessing = 0;
		};
/* End PBXSourcesBuildPhase section */

/* Begin XCBuildConfiguration section */
		1DEB923208733DC60010E9CD /* Debug */ = {
			isa = XCBuildConfiguration;
			buildSettings = {
				COPY_PHASE_STRIP = NO;
				GCC_DYNAMIC_NO_PIC = NO;
				GCC_ENABLE_FIX_AND_CONTINUE = YES;
				GCC_MODEL_TUNING = G5;
				GCC_OPTIMIZATION_LEVEL = 0;
				INSTALL_PATH = "$(HOME)/bin";
				LIBRARY_SEARCH_PATHS = "";
				PRODUCT_NAME = wce2krn;
				ZERO_LINK = YES;
			};
			name = Debug;
		};
		1DEB923308733DC60010E9CD /* Release */ = {
			isa = XCBuildConfiguration;
			buildSettings = {
				ARCHS = (
					ppc,
					i386,
				);
				GCC_GENERATE_DEBUGGING_SYMBOLS = NO;
				GCC_MODEL_TUNING = G5;
				INSTALL_PATH = "$(HOME)/bin";
				LIBRARY_SEARCH_PATHS = "";
				PRODUCT_NAME = wce2krn;
			};
			name = Release;
		};
		1DEB923608733DC60010E9CD /* Debug */ = {
			isa = XCBuildConfiguration;
			buildSettings = {
				GCC_WARN_ABOUT_RETURN_TYPE = YES;
				GCC_WARN_UNUSED_VARIABLE = YES;
				PREBINDING = NO;
				SDKROOT = /Developer/SDKs/MacOSX10.4u.sdk;
			};
			name = Debug;
		};
		1DEB923708733DC60010E9CD /* Release */ = {
			isa = XCBuildConfiguration;
			buildSettings = {
				GCC_WARN_ABOUT_RETURN_TYPE = YES;
				GCC_WARN_UNUSED_VARIABLE = YES;
				PREBINDING = NO;
				SDKROOT = /Developer/SDKs/MacOSX10.4u.sdk;
			};
			name = Release;
		};
/* End XCBuildConfiguration section */

/* Begin XCConfigurationList section */
		1DEB923108733DC60010E9CD /* Build configuration list for PBXNativeTarget "wce2krn" */ = {
			isa = XCConfigurationList;
			buildConfigurations = (
				1DEB923208733DC60010E9CD /* Debug */,
				1DEB923308733DC60010E9CD /* Release */,
			);
			defaultConfigurationIsVisible = 0;
			defaultConfigurationName = Release;
		};
		1DEB923508733DC60010E9CD /* Build configuration list for PBXProject "wce2krn" */ = {
			isa = XCConfigurationList;
			buildConfigurations = (
				1DEB923608733DC60010E9CD /* Debug */,
				1DEB923708733DC60010E9CD /* Release */,
			);
			defaultConfigurationIsVisible = 0;
			defaultConfigurationName = Release;
		};
/* End XCConfigurationList section */
	};
	rootObject = 08FB7793FE84155DC02AAC07 /* Project object */;
}
